
Microsoft Visual Studio Solution File, Format Version 12.00
# Visual Studio Version 17
VisualStudioVersion = 17.10.34928.147
MinimumVisualStudioVersion = 10.0.40219.1
Project("{FAE04EC0-301F-11D3-BF4B-00C04F79EFBC}") = "PasswordCheck", "PasswordCheck\PasswordCheck.csproj", "{297D390C-A3C8-43AD-88C7-8400FA45FD8F}"
EndProject
Project("{FAE04EC0-301F-11D3-BF4B-00C04F79EFBC}") = "PasswordCheck.Tests", "PasswordCheck.Tests\PasswordCheck.Tests.csproj", "{E27D0FB9-B755-4D97-89FF-6CA80D2D3C5A}"
EndProject
Global
	GlobalSection(SolutionConfigurationPlatforms) = preSolution
		Debug|Any CPU = Debug|Any CPU
		Release|Any CPU = Release|Any CPU
	EndGlobalSection
	GlobalSection(ProjectConfigurationPlatforms) = postSolution
		{297D390C-A3C8-43AD-88C7-8400FA45FD8F}.Debug|Any CPU.ActiveCfg = Debug|Any CPU
		{297D390C-A3C8-43AD-88C7-8400FA45FD8F}.Debug|Any CPU.Build.0 = Debug|Any CPU
		{297D390C-A3C8-43AD-88C7-8400FA45FD8F}.Release|Any CPU.ActiveCfg = Release|Any CPU
		{297D390C-A3C8-43AD-88C7-8400FA45FD8F}.Release|Any CPU.Build.0 = Release|Any CPU
		{E27D0FB9-B755-4D97-89FF-6CA80D2D3C5A}.Debug|Any CPU.ActiveCfg = Debug|Any CPU
		{E27D0FB9-B755-4D97-89FF-6CA80D2D3C5A}.Debug|Any CPU.Build.0 = Debug|Any CPU
		{E27D0FB9-B755-4D97-89FF-6CA80D2D3C5A}.Release|Any CPU.ActiveCfg = Release|Any CPU
		{E27D0FB9-B755-4D97-89FF-6CA80D2D3C5A}.Release|Any CPU.Build.0 = Release|Any CPU
	EndGlobalSection
	GlobalSection(SolutionProperties) = preSolution
		HideSolutionNode = FALSE
	EndGlobalSection
	GlobalSection(ExtensibilityGlobals) = postSolution
		SolutionGuid = {3CFD6626-E0F9-4D82-9322-F8DB109F039D}
	EndGlobalSection
EndGlobal
